{
	"name": "eslint-config",
	"version": "1.0.0",
	"lockfileVersion": 2,
	"requires": true,
	"packages": {
		"": {
			"version": "1.0.0",
			"license": "ISC",
			"devDependencies": {
				"prettier": "^2.3.0",
				"prettier-config": "github:denizenapp/prettier-config#main"
			}
		},
		"node_modules/prettier": {
			"version": "2.3.0",
			"resolved": "https://registry.npmjs.org/prettier/-/prettier-2.3.0.tgz",
			"integrity": "sha512-kXtO4s0Lz/DW/IJ9QdWhAf7/NmPWQXkFr/r/WkR3vyI+0v8amTDxiaQSLzs8NBlytfLWX/7uQUMIW677yLKl4w==",
			"dev": true,
			"bin": {
				"prettier": "bin-prettier.js"
			},
			"engines": {
				"node": ">=10.13.0"
			}
		},
		"node_modules/prettier-config": {
			"version": "1.0.0",
			"resolved": "git+ssh://git@github.com/denizenapp/prettier-config.git#7a10cfaebea739ce9e0770e24b11eb445bfe5223",
			"dev": true,
			"license": "ISC",
			"peerDependencies": {
				"prettier": "^2.3.0"
			}
		}
	},
	"dependencies": {
		"prettier": {
			"version": "2.3.0",
			"resolved": "https://registry.npmjs.org/prettier/-/prettier-2.3.0.tgz",
			"integrity": "sha512-kXtO4s0Lz/DW/IJ9QdWhAf7/NmPWQXkFr/r/WkR3vyI+0v8amTDxiaQSLzs8NBlytfLWX/7uQUMIW677yLKl4w==",
			"dev": true
		},
		"prettier-config": {
			"version": "git+ssh://git@github.com/denizenapp/prettier-config.git#7a10cfaebea739ce9e0770e24b11eb445bfe5223",
			"dev": true,
			"from": "prettier-config@github:denizenapp/prettier-config#main",
			"requires": {}
		}
	}
}
